// !$*UTF8*$!
{
	archiveVersion = 1;
	classes = {
	};
	objectVersion = 55;
	objects = {

/* Begin PBXBuildFile section */
		84A5B69D2AAF2766008BBD57 /* AppDelegate.swift in Sources */ = {isa = PBXBuildFile; fileRef = 84A5B69C2AAF2766008BBD57 /* AppDelegate.swift */; };
		84A5B6A12AAF2766008BBD57 /* Main.html in Resources */ = {isa = PBXBuildFile; fileRef = 84A5B69F2AAF2766008BBD57 /* Main.html */; };
		84A5B6A32AAF2766008BBD57 /* Icon.png in Resources */ = {isa = PBXBuildFile; fileRef = 84A5B6A22AAF2766008BBD57 /* Icon.png */; };
		84A5B6A52AAF2766008BBD57 /* Style.css in Resources */ = {isa = PBXBuildFile; fileRef = 84A5B6A42AAF2766008BBD57 /* Style.css */; };
		84A5B6A72AAF2766008BBD57 /* Script.js in Resources */ = {isa = PBXBuildFile; fileRef = 84A5B6A62AAF2766008BBD57 /* Script.js */; };
		84A5B6A92AAF2766008BBD57 /* ViewController.swift in Sources */ = {isa = PBXBuildFile; fileRef = 84A5B6A82AAF2766008BBD57 /* ViewController.swift */; };
		84A5B6AC2AAF2766008BBD57 /* Main.storyboard in Resources */ = {isa = PBXBuildFile; fileRef = 84A5B6AA2AAF2766008BBD57 /* Main.storyboard */; };
		84A5B6AE2AAF276A008BBD57 /* Assets.xcassets in Resources */ = {isa = PBXBuildFile; fileRef = 84A5B6AD2AAF276A008BBD57 /* Assets.xcassets */; };
		84A5B6B62AAF276B008BBD57 /* Tab Extension.appex in Embed App Extensions */ = {isa = PBXBuildFile; fileRef = 84A5B6B52AAF276B008BBD57 /* Tab Extension.appex */; settings = {ATTRIBUTES = (RemoveHeadersOnCopy, ); }; };
		84A5B6BB2AAF276B008BBD57 /* SafariExtensionHandler.swift in Sources */ = {isa = PBXBuildFile; fileRef = 84A5B6BA2AAF276B008BBD57 /* SafariExtensionHandler.swift */; };
		84A5B6BD2AAF276B008BBD57 /* SafariExtensionViewController.swift in Sources */ = {isa = PBXBuildFile; fileRef = 84A5B6BC2AAF276B008BBD57 /* SafariExtensionViewController.swift */; };
		84A5B6C02AAF276B008BBD57 /* script.js in Resources */ = {isa = PBXBuildFile; fileRef = 84A5B6BF2AAF276B008BBD57 /* script.js */; };
		84A5B6C22AAF276B008BBD57 /* ToolbarItemIcon.pdf in Resources */ = {isa = PBXBuildFile; fileRef = 84A5B6C12AAF276B008BBD57 /* ToolbarItemIcon.pdf */; };
		84A5B6C52AAF276B008BBD57 /* SafariExtensionViewController.xib in Resources */ = {isa = PBXBuildFile; fileRef = 84A5B6C32AAF276B008BBD57 /* SafariExtensionViewController.xib */; };
/* End PBXBuildFile section */

/* Begin PBXContainerItemProxy section */
		84A5B6B72AAF276B008BBD57 /* PBXContainerItemProxy */ = {
			isa = PBXContainerItemProxy;
			containerPortal = 84A5B6912AAF2766008BBD57 /* Project object */;
			proxyType = 1;
			remoteGlobalIDString = 84A5B6B42AAF276B008BBD57;
			remoteInfo = "Tab Extension";
		};
/* End PBXContainerItemProxy section */

/* Begin PBXCopyFilesBuildPhase section */
		84A5B6CD2AAF276B008BBD57 /* Embed App Extensions */ = {
			isa = PBXCopyFilesBuildPhase;
			buildActionMask = 2147483647;
			dstPath = "";
			dstSubfolderSpec = 13;
			files = (
				84A5B6B62AAF276B008BBD57 /* Tab Extension.appex in Embed App Extensions */,
			);
			name = "Embed App Extensions";
			runOnlyForDeploymentPostprocessing = 0;
		};
/* End PBXCopyFilesBuildPhase section */

/* Begin PBXFileReference section */
		84A5B6992AAF2766008BBD57 /* Tab.app */ = {isa = PBXFileReference; explicitFileType = wrapper.application; includeInIndex = 0; path = Tab.app; sourceTree = BUILT_PRODUCTS_DIR; };
		84A5B69C2AAF2766008BBD57 /* AppDelegate.swift */ = {isa = PBXFileReference; lastKnownFileType = sourcecode.swift; path = AppDelegate.swift; sourceTree = "<group>"; };
		84A5B6A02AAF2766008BBD57 /* Base */ = {isa = PBXFileReference; lastKnownFileType = text.html; name = Base; path = ../Base.lproj/Main.html; sourceTree = "<group>"; };
		84A5B6A22AAF2766008BBD57 /* Icon.png */ = {isa = PBXFileReference; lastKnownFileType = image.png; path = Icon.png; sourceTree = "<group>"; };
		84A5B6A42AAF2766008BBD57 /* Style.css */ = {isa = PBXFileReference; lastKnownFileType = text.css; path = Style.css; sourceTree = "<group>"; };
		84A5B6A62AAF2766008BBD57 /* Script.js */ = {isa = PBXFileReference; lastKnownFileType = sourcecode.javascript; path = Script.js; sourceTree = "<group>"; };
		84A5B6A82AAF2766008BBD57 /* ViewController.swift */ = {isa = PBXFileReference; lastKnownFileType = sourcecode.swift; path = ViewController.swift; sourceTree = "<group>"; };
		84A5B6AB2AAF2766008BBD57 /* Base */ = {isa = PBXFileReference; lastKnownFileType = file.storyboard; name = Base; path = Base.lproj/Main.storyboard; sourceTree = "<group>"; };
		84A5B6AD2AAF276A008BBD57 /* Assets.xcassets */ = {isa = PBXFileReference; lastKnownFileType = folder.assetcatalog; path = Assets.xcassets; sourceTree = "<group>"; };
		84A5B6AF2AAF276A008BBD57 /* Tab.entitlements */ = {isa = PBXFileReference; lastKnownFileType = text.plist.entitlements; path = Tab.entitlements; sourceTree = "<group>"; };
		84A5B6B02AAF276A008BBD57 /* Tab.entitlements */ = {isa = PBXFileReference; lastKnownFileType = text.plist.entitlements; path = Tab.entitlements; sourceTree = "<group>"; };
		84A5B6B52AAF276B008BBD57 /* Tab Extension.appex */ = {isa = PBXFileReference; explicitFileType = "wrapper.app-extension"; includeInIndex = 0; path = "Tab Extension.appex"; sourceTree = BUILT_PRODUCTS_DIR; };
		84A5B6BA2AAF276B008BBD57 /* SafariExtensionHandler.swift */ = {isa = PBXFileReference; lastKnownFileType = sourcecode.swift; path = SafariExtensionHandler.swift; sourceTree = "<group>"; };
		84A5B6BC2AAF276B008BBD57 /* SafariExtensionViewController.swift */ = {isa = PBXFileReference; lastKnownFileType = sourcecode.swift; path = SafariExtensionViewController.swift; sourceTree = "<group>"; };
		84A5B6BF2AAF276B008BBD57 /* script.js */ = {isa = PBXFileReference; lastKnownFileType = sourcecode.javascript; path = script.js; sourceTree = "<group>"; };
		84A5B6C12AAF276B008BBD57 /* ToolbarItemIcon.pdf */ = {isa = PBXFileReference; lastKnownFileType = image.pdf; path = ToolbarItemIcon.pdf; sourceTree = "<group>"; };
		84A5B6C42AAF276B008BBD57 /* Base */ = {isa = PBXFileReference; lastKnownFileType = file.xib; name = Base; path = Base.lproj/SafariExtensionViewController.xib; sourceTree = "<group>"; };
		84A5B6C62AAF276B008BBD57 /* Info.plist */ = {isa = PBXFileReference; lastKnownFileType = text.plist.xml; path = Info.plist; sourceTree = "<group>"; };
		84A5B6C72AAF276B008BBD57 /* Tab_Extension.entitlements */ = {isa = PBXFileReference; lastKnownFileType = text.plist.entitlements; path = Tab_Extension.entitlements; sourceTree = "<group>"; };
/* End PBXFileReference section */

/* Begin PBXFrameworksBuildPhase section */
		84A5B6962AAF2766008BBD57 /* Frameworks */ = {
			isa = PBXFrameworksBuildPhase;
			buildActionMask = 2147483647;
			files = (
			);
			runOnlyForDeploymentPostprocessing = 0;
		};
		84A5B6B22AAF276B008BBD57 /* Frameworks */ = {
			isa = PBXFrameworksBuildPhase;
			buildActionMask = 2147483647;
			files = (
			);
			runOnlyForDeploymentPostprocessing = 0;
		};
/* End PBXFrameworksBuildPhase section */

/* Begin PBXGroup section */
		84A5B6902AAF2766008BBD57 = {
			isa = PBXGroup;
			children = (
				84A5B69B2AAF2766008BBD57 /* Tab */,
				84A5B6B92AAF276B008BBD57 /* Tab Extension */,
				84A5B69A2AAF2766008BBD57 /* Products */,
			);
			sourceTree = "<group>";
		};
		84A5B69A2AAF2766008BBD57 /* Products */ = {
			isa = PBXGroup;
			children = (
				84A5B6992AAF2766008BBD57 /* Tab.app */,
				84A5B6B52AAF276B008BBD57 /* Tab Extension.appex */,
			);
			name = Products;
			sourceTree = "<group>";
		};
		84A5B69B2AAF2766008BBD57 /* Tab */ = {
			isa = PBXGroup;
			children = (
				84A5B69C2AAF2766008BBD57 /* AppDelegate.swift */,
				84A5B6A82AAF2766008BBD57 /* ViewController.swift */,
				84A5B6AA2AAF2766008BBD57 /* Main.storyboard */,
				84A5B6AD2AAF276A008BBD57 /* Assets.xcassets */,
				84A5B6AF2AAF276A008BBD57 /* Tab.entitlements */,
				84A5B6B02AAF276A008BBD57 /* Tab.entitlements */,
				84A5B69E2AAF2766008BBD57 /* Resources */,
			);
			path = Tab;
			sourceTree = "<group>";
		};
		84A5B69E2AAF2766008BBD57 /* Resources */ = {
			isa = PBXGroup;
			children = (
				84A5B69F2AAF2766008BBD57 /* Main.html */,
				84A5B6A22AAF2766008BBD57 /* Icon.png */,
				84A5B6A42AAF2766008BBD57 /* Style.css */,
				84A5B6A62AAF2766008BBD57 /* Script.js */,
			);
			path = Resources;
			sourceTree = "<group>";
		};
		84A5B6B92AAF276B008BBD57 /* Tab Extension */ = {
			isa = PBXGroup;
			children = (
				84A5B6BA2AAF276B008BBD57 /* SafariExtensionHandler.swift */,
				84A5B6BC2AAF276B008BBD57 /* SafariExtensionViewController.swift */,
				84A5B6C32AAF276B008BBD57 /* SafariExtensionViewController.xib */,
				84A5B6C62AAF276B008BBD57 /* Info.plist */,
				84A5B6C72AAF276B008BBD57 /* Tab_Extension.entitlements */,
				84A5B6BE2AAF276B008BBD57 /* Resources */,
			);
			path = "Tab Extension";
			sourceTree = "<group>";
		};
		84A5B6BE2AAF276B008BBD57 /* Resources */ = {
			isa = PBXGroup;
			children = (
				84A5B6BF2AAF276B008BBD57 /* script.js */,
				84A5B6C12AAF276B008BBD57 /* ToolbarItemIcon.pdf */,
			);
			path = Resources;
			sourceTree = "<group>";
		};
/* End PBXGroup section */

/* Begin PBXNativeTarget section */
		84A5B6982AAF2766008BBD57 /* Tab */ = {
			isa = PBXNativeTarget;
			buildConfigurationList = 84A5B6CE2AAF276B008BBD57 /* Build configuration list for PBXNativeTarget "Tab" */;
			buildPhases = (
				84A5B6952AAF2766008BBD57 /* Sources */,
				84A5B6962AAF2766008BBD57 /* Frameworks */,
				84A5B6972AAF2766008BBD57 /* Resources */,
				84A5B6CD2AAF276B008BBD57 /* Embed App Extensions */,
			);
			buildRules = (
			);
			dependencies = (
				84A5B6B82AAF276B008BBD57 /* PBXTargetDependency */,
			);
			name = Tab;
			productName = Tab;
			productReference = 84A5B6992AAF2766008BBD57 /* Tab.app */;
			productType = "com.apple.product-type.application";
		};
		84A5B6B42AAF276B008BBD57 /* Tab Extension */ = {
			isa = PBXNativeTarget;
			buildConfigurationList = 84A5B6CA2AAF276B008BBD57 /* Build configuration list for PBXNativeTarget "Tab Extension" */;
			buildPhases = (
				84A5B6B12AAF276B008BBD57 /* Sources */,
				84A5B6B22AAF276B008BBD57 /* Frameworks */,
				84A5B6B32AAF276B008BBD57 /* Resources */,
			);
			buildRules = (
			);
			dependencies = (
			);
			name = "Tab Extension";
			productName = "Tab Extension";
			productReference = 84A5B6B52AAF276B008BBD57 /* Tab Extension.appex */;
			productType = "com.apple.product-type.app-extension";
		};
/* End PBXNativeTarget section */

/* Begin PBXProject section */
		84A5B6912AAF2766008BBD57 /* Project object */ = {
			isa = PBXProject;
			attributes = {
				BuildIndependentTargetsInParallel = 1;
				LastSwiftUpdateCheck = 1320;
				LastUpgradeCheck = 1320;
				TargetAttributes = {
					84A5B6982AAF2766008BBD57 = {
						CreatedOnToolsVersion = 13.2.1;
					};
					84A5B6B42AAF276B008BBD57 = {
						CreatedOnToolsVersion = 13.2.1;
					};
				};
			};
			buildConfigurationList = 84A5B6942AAF2766008BBD57 /* Build configuration list for PBXProject "Tab" */;
			compatibilityVersion = "Xcode 13.0";
			developmentRegion = en;
			hasScannedForEncodings = 0;
			knownRegions = (
				en,
				Base,
			);
			mainGroup = 84A5B6902AAF2766008BBD57;
			productRefGroup = 84A5B69A2AAF2766008BBD57 /* Products */;
			projectDirPath = "";
			projectRoot = "";
			targets = (
				84A5B6982AAF2766008BBD57 /* Tab */,
				84A5B6B42AAF276B008BBD57 /* Tab Extension */,
			);
		};
/* End PBXProject section */

/* Begin PBXResourcesBuildPhase section */
		84A5B6972AAF2766008BBD57 /* Resources */ = {
			isa = PBXResourcesBuildPhase;
			buildActionMask = 2147483647;
			files = (
				84A5B6A32AAF2766008BBD57 /* Icon.png in Resources */,
				84A5B6AC2AAF2766008BBD57 /* Main.storyboard in Resources */,
				84A5B6A72AAF2766008BBD57 /* Script.js in Resources */,
				84A5B6A12AAF2766008BBD57 /* Main.html in Resources */,
				84A5B6AE2AAF276A008BBD57 /* Assets.xcassets in Resources */,
				84A5B6A52AAF2766008BBD57 /* Style.css in Resources */,
			);
			runOnlyForDeploymentPostprocessing = 0;
		};
		84A5B6B32AAF276B008BBD57 /* Resources */ = {
			isa = PBXResourcesBuildPhase;
			buildActionMask = 2147483647;
			files = (
				84A5B6C52AAF276B008BBD57 /* SafariExtensionViewController.xib in Resources */,
				84A5B6C22AAF276B008BBD57 /* ToolbarItemIcon.pdf in Resources */,
				84A5B6C02AAF276B008BBD57 /* script.js in Resources */,
			);
			runOnlyForDeploymentPostprocessing = 0;
		};
/* End PBXResourcesBuildPhase section */

/* Begin PBXSourcesBuildPhase section */
		84A5B6952AAF2766008BBD57 /* Sources */ = {
			isa = PBXSourcesBuildPhase;
			buildActionMask = 2147483647;
			files = (
				84A5B6A92AAF2766008BBD57 /* ViewController.swift in Sources */,
				84A5B69D2AAF2766008BBD57 /* AppDelegate.swift in Sources */,
			);
			runOnlyForDeploymentPostprocessing = 0;
		};
		84A5B6B12AAF276B008BBD57 /* Sources */ = {
			isa = PBXSourcesBuildPhase;
			buildActionMask = 2147483647;
			files = (
				84A5B6BD2AAF276B008BBD57 /* SafariExtensionViewController.swift in Sources */,
				84A5B6BB2AAF276B008BBD57 /* SafariExtensionHandler.swift in Sources */,
			);
			runOnlyForDeploymentPostprocessing = 0;
		};
/* End PBXSourcesBuildPhase section */

/* Begin PBXTargetDependency section */
		84A5B6B82AAF276B008BBD57 /* PBXTargetDependency */ = {
			isa = PBXTargetDependency;
			target = 84A5B6B42AAF276B008BBD57 /* Tab Extension */;
			targetProxy = 84A5B6B72AAF276B008BBD57 /* PBXContainerItemProxy */;
		};
/* End PBXTargetDependency section */

/* Begin PBXVariantGroup section */
		84A5B69F2AAF2766008BBD57 /* Main.html */ = {
			isa = PBXVariantGroup;
			children = (
				84A5B6A02AAF2766008BBD57 /* Base */,
			);
			name = Main.html;
			sourceTree = "<group>";
		};
		84A5B6AA2AAF2766008BBD57 /* Main.storyboard */ = {
			isa = PBXVariantGroup;
			children = (
				84A5B6AB2AAF2766008BBD57 /* Base */,
			);
			name = Main.storyboard;
			sourceTree = "<group>";
		};
		84A5B6C32AAF276B008BBD57 /* SafariExtensionViewController.xib */ = {
			isa = PBXVariantGroup;
			children = (
				84A5B6C42AAF276B008BBD57 /* Base */,
			);
			name = SafariExtensionViewController.xib;
			sourceTree = "<group>";
		};
/* End PBXVariantGroup section */

/* Begin XCBuildConfiguration section */
		84A5B6C82AAF276B008BBD57 /* Debug */ = {
			isa = XCBuildConfiguration;
			buildSettings = {
				ALWAYS_SEARCH_USER_PATHS = NO;
				CLANG_ANALYZER_NONNULL = YES;
				CLANG_ANALYZER_NUMBER_OBJECT_CONVERSION = YES_AGGRESSIVE;
				CLANG_CXX_LANGUAGE_STANDARD = "gnu++17";
				CLANG_CXX_LIBRARY = "libc++";
				CLANG_ENABLE_MODULES = YES;
				CLANG_ENABLE_OBJC_ARC = YES;
				CLANG_ENABLE_OBJC_WEAK = YES;
				CLANG_WARN_BLOCK_CAPTURE_AUTORELEASING = YES;
				CLANG_WARN_BOOL_CONVERSION = YES;
				CLANG_WARN_COMMA = YES;
				CLANG_WARN_CONSTANT_CONVERSION = YES;
				CLANG_WARN_DEPRECATED_OBJC_IMPLEMENTATIONS = YES;
				CLANG_WARN_DIRECT_OBJC_ISA_USAGE = YES_ERROR;
				CLANG_WARN_DOCUMENTATION_COMMENTS = YES;
				CLANG_WARN_EMPTY_BODY = YES;
				CLANG_WARN_ENUM_CONVERSION = YES;
				CLANG_WARN_INFINITE_RECURSION = YES;
				CLANG_WARN_INT_CONVERSION = YES;
				CLANG_WARN_NON_LITERAL_NULL_CONVERSION = YES;
				CLANG_WARN_OBJC_IMPLICIT_RETAIN_SELF = YES;
				CLANG_WARN_OBJC_LITERAL_CONVERSION = YES;
				CLANG_WARN_OBJC_ROOT_CLASS = YES_ERROR;
				CLANG_WARN_QUOTED_INCLUDE_IN_FRAMEWORK_HEADER = YES;
				CLANG_WARN_RANGE_LOOP_ANALYSIS = YES;
				CLANG_WARN_STRICT_PROTOTYPES = YES;
				CLANG_WARN_SUSPICIOUS_MOVE = YES;
				CLANG_WARN_UNGUARDED_AVAILABILITY = YES_AGGRESSIVE;
				CLANG_WARN_UNREACHABLE_CODE = YES;
				CLANG_WARN__DUPLICATE_METHOD_MATCH = YES;
				COPY_PHASE_STRIP = NO;
				DEBUG_INFORMATION_FORMAT = dwarf;
				ENABLE_STRICT_OBJC_MSGSEND = YES;
				ENABLE_TESTABILITY = YES;
				GCC_C_LANGUAGE_STANDARD = gnu11;
				GCC_DYNAMIC_NO_PIC = NO;
				GCC_NO_COMMON_BLOCKS = YES;
				GCC_OPTIMIZATION_LEVEL = 0;
				GCC_PREPROCESSOR_DEFINITIONS = (
					"DEBUG=1",
					"$(inherited)",
				);
				GCC_WARN_64_TO_32_BIT_CONVERSION = YES;
				GCC_WARN_ABOUT_RETURN_TYPE = YES_ERROR;
				GCC_WARN_UNDECLARED_SELECTOR = YES;
				GCC_WARN_UNINITIALIZED_AUTOS = YES_AGGRESSIVE;
				GCC_WARN_UNUSED_FUNCTION = YES;
				GCC_WARN_UNUSED_VARIABLE = YES;
				MACOSX_DEPLOYMENT_TARGET = 11.6;
				MTL_ENABLE_DEBUG_INFO = INCLUDE_SOURCE;
				MTL_FAST_MATH = YES;
				ONLY_ACTIVE_ARCH = YES;
				SDKROOT = macosx;
				SWIFT_ACTIVE_COMPILATION_CONDITIONS = DEBUG;
				SWIFT_OPTIMIZATION_LEVEL = "-Onone";
			};
			name = Debug;
		};
		84A5B6C92AAF276B008BBD57 /* Release */ = {
			isa = XCBuildConfiguration;
			buildSettings = {
				ALWAYS_SEARCH_USER_PATHS = NO;
				CLANG_ANALYZER_NONNULL = YES;
				CLANG_ANALYZER_NUMBER_OBJECT_CONVERSION = YES_AGGRESSIVE;
				CLANG_CXX_LANGUAGE_STANDARD = "gnu++17";
				CLANG_CXX_LIBRARY = "libc++";
				CLANG_ENABLE_MODULES = YES;
				CLANG_ENABLE_OBJC_ARC = YES;
				CLANG_ENABLE_OBJC_WEAK = YES;
				CLANG_WARN_BLOCK_CAPTURE_AUTORELEASING = YES;
				CLANG_WARN_BOOL_CONVERSION = YES;
				CLANG_WARN_COMMA = YES;
				CLANG_WARN_CONSTANT_CONVERSION = YES;
				CLANG_WARN_DEPRECATED_OBJC_IMPLEMENTATIONS = YES;
				CLANG_WARN_DIRECT_OBJC_ISA_USAGE = YES_ERROR;
				CLANG_WARN_DOCUMENTATION_COMMENTS = YES;
				CLANG_WARN_EMPTY_BODY = YES;
				CLANG_WARN_ENUM_CONVERSION = YES;
				CLANG_WARN_INFINITE_RECURSION = YES;
				CLANG_WARN_INT_CONVERSION = YES;
				CLANG_WARN_NON_LITERAL_NULL_CONVERSION = YES;
				CLANG_WARN_OBJC_IMPLICIT_RETAIN_SELF = YES;
				CLANG_WARN_OBJC_LITERAL_CONVERSION = YES;
				CLANG_WARN_OBJC_ROOT_CLASS = YES_ERROR;
				CLANG_WARN_QUOTED_INCLUDE_IN_FRAMEWORK_HEADER = YES;
				CLANG_WARN_RANGE_LOOP_ANALYSIS = YES;
				CLANG_WARN_STRICT_PROTOTYPES = YES;
				CLANG_WARN_SUSPICIOUS_MOVE = YES;
				CLANG_WARN_UNGUARDED_AVAILABILITY = YES_AGGRESSIVE;
				CLANG_WARN_UNREACHABLE_CODE = YES;
				CLANG_WARN__DUPLICATE_METHOD_MATCH = YES;
				COPY_PHASE_STRIP = NO;
				DEBUG_INFORMATION_FORMAT = "dwarf-with-dsym";
				ENABLE_NS_ASSERTIONS = NO;
				ENABLE_STRICT_OBJC_MSGSEND = YES;
				GCC_C_LANGUAGE_STANDARD = gnu11;
				GCC_NO_COMMON_BLOCKS = YES;
				GCC_WARN_64_TO_32_BIT_CONVERSION = YES;
				GCC_WARN_ABOUT_RETURN_TYPE = YES_ERROR;
				GCC_WARN_UNDECLARED_SELECTOR = YES;
				GCC_WARN_UNINITIALIZED_AUTOS = YES_AGGRESSIVE;
				GCC_WARN_UNUSED_FUNCTION = YES;
				GCC_WARN_UNUSED_VARIABLE = YES;
				MACOSX_DEPLOYMENT_TARGET = 11.6;
				MTL_ENABLE_DEBUG_INFO = NO;
				MTL_FAST_MATH = YES;
				SDKROOT = macosx;
				SWIFT_COMPILATION_MODE = wholemodule;
				SWIFT_OPTIMIZATION_LEVEL = "-O";
			};
			name = Release;
		};
		84A5B6CB2AAF276B008BBD57 /* Debug */ = {
			isa = XCBuildConfiguration;
			buildSettings = {
				CODE_SIGN_ENTITLEMENTS = "Tab Extension/Tab_Extension.entitlements";
				CODE_SIGN_STYLE = Automatic;
				CURRENT_PROJECT_VERSION = 1;
				ENABLE_HARDENED_RUNTIME = YES;
				GENERATE_INFOPLIST_FILE = YES;
				INFOPLIST_FILE = "Tab Extension/Info.plist";
				INFOPLIST_KEY_CFBundleDisplayName = "Tab Extension";
				INFOPLIST_KEY_NSHumanReadableCopyright = "";
				LD_RUNPATH_SEARCH_PATHS = (
					"$(inherited)",
					"@executable_path/../Frameworks",
					"@executable_path/../../../../Frameworks",
				);
				MACOSX_DEPLOYMENT_TARGET = 10.14;
				MARKETING_VERSION = 1.0;
				OTHER_LDFLAGS = (
					"-framework",
					SafariServices,
				);
				PRODUCT_BUNDLE_IDENTIFIER = com.faronics.Tab.Extension;
				PRODUCT_NAME = "$(TARGET_NAME)";
				SKIP_INSTALL = YES;
				SWIFT_EMIT_LOC_STRINGS = YES;
				SWIFT_VERSION = 5.0;
			};
			name = Debug;
		};
		84A5B6CC2AAF276B008BBD57 /* Release */ = {
			isa = XCBuildConfiguration;
			buildSettings = {
				CODE_SIGN_ENTITLEMENTS = "Tab Extension/Tab_Extension.entitlements";
				CODE_SIGN_STYLE = Automatic;
				CURRENT_PROJECT_VERSION = 1;
				ENABLE_HARDENED_RUNTIME = YES;
				GENERATE_INFOPLIST_FILE = YES;
				INFOPLIST_FILE = "Tab Extension/Info.plist";
				INFOPLIST_KEY_CFBundleDisplayName = "Tab Extension";
				INFOPLIST_KEY_NSHumanReadableCopyright = "";
				LD_RUNPATH_SEARCH_PATHS = (
					"$(inherited)",
					"@executable_path/../Frameworks",
					"@executable_path/../../../../Frameworks",
				);
				MACOSX_DEPLOYMENT_TARGET = 10.14;
				MARKETING_VERSION = 1.0;
				OTHER_LDFLAGS = (
					"-framework",
					SafariServices,
				);
				PRODUCT_BUNDLE_IDENTIFIER = com.faronics.Tab.Extension;
				PRODUCT_NAME = "$(TARGET_NAME)";
				SKIP_INSTALL = YES;
				SWIFT_EMIT_LOC_STRINGS = YES;
				SWIFT_VERSION = 5.0;
			};
			name = Release;
		};
		84A5B6CF2AAF276B008BBD57 /* Debug */ = {
			isa = XCBuildConfiguration;
			buildSettings = {
				ALWAYS_EMBED_SWIFT_STANDARD_LIBRARIES = YES;
				ASSETCATALOG_COMPILER_APPICON_NAME = AppIcon;
				ASSETCATALOG_COMPILER_GLOBAL_ACCENT_COLOR_NAME = AccentColor;
				CODE_SIGN_ENTITLEMENTS = Tab/Tab.entitlements;
				CODE_SIGN_STYLE = Automatic;
				COMBINE_HIDPI_IMAGES = YES;
				CURRENT_PROJECT_VERSION = 1;
				ENABLE_HARDENED_RUNTIME = YES;
				GENERATE_INFOPLIST_FILE = YES;
				INFOPLIST_KEY_CFBundleDisplayName = Tab;
				INFOPLIST_KEY_NSHumanReadableCopyright = "";
				INFOPLIST_KEY_NSMainStoryboardFile = Main;
				INFOPLIST_KEY_NSPrincipalClass = NSApplication;
				LD_RUNPATH_SEARCH_PATHS = (
					"$(inherited)",
					"@executable_path/../Frameworks",
				);
				MACOSX_DEPLOYMENT_TARGET = 10.14;
				MARKETING_VERSION = 1.0;
				OTHER_LDFLAGS = (
					"-framework",
					SafariServices,
					"-framework",
					WebKit,
				);
				PRODUCT_BUNDLE_IDENTIFIER = com.faronics.Tab;
				PRODUCT_NAME = "$(TARGET_NAME)";
				SWIFT_EMIT_LOC_STRINGS = YES;
				SWIFT_VERSION = 5.0;
			};
			name = Debug;
		};
		84A5B6D02AAF276B008BBD57 /* Release */ = {
			isa = XCBuildConfiguration;
			buildSettings = {
				ALWAYS_EMBED_SWIFT_STANDARD_LIBRARIES = YES;
				ASSETCATALOG_COMPILER_APPICON_NAME = AppIcon;
				ASSETCATALOG_COMPILER_GLOBAL_ACCENT_COLOR_NAME = AccentColor;
				CODE_SIGN_ENTITLEMENTS = Tab/Tab.entitlements;
				CODE_SIGN_STYLE = Automatic;
				COMBINE_HIDPI_IMAGES = YES;
				CURRENT_PROJECT_VERSION = 1;
				ENABLE_HARDENED_RUNTIME = YES;
				GENERATE_INFOPLIST_FILE = YES;
				INFOPLIST_KEY_CFBundleDisplayName = Tab;
				INFOPLIST_KEY_NSHumanReadableCopyright = "";
				INFOPLIST_KEY_NSMainStoryboardFile = Main;
				INFOPLIST_KEY_NSPrincipalClass = NSApplication;
				LD_RUNPATH_SEARCH_PATHS = (
					"$(inherited)",
					"@executable_path/../Frameworks",
				);
				MACOSX_DEPLOYMENT_TARGET = 10.14;
				MARKETING_VERSION = 1.0;
				OTHER_LDFLAGS = (
					"-framework",
					SafariServices,
					"-framework",
					WebKit,
				);
				PRODUCT_BUNDLE_IDENTIFIER = com.faronics.Tab;
				PRODUCT_NAME = "$(TARGET_NAME)";
				SWIFT_EMIT_LOC_STRINGS = YES;
				SWIFT_VERSION = 5.0;
			};
			name = Release;
		};
/* End XCBuildConfiguration section */

/* Begin XCConfigurationList section */
		84A5B6942AAF2766008BBD57 /* Build configuration list for PBXProject "Tab" */ = {
			isa = XCConfigurationList;
			buildConfigurations = (
				84A5B6C82AAF276B008BBD57 /* Debug */,
				84A5B6C92AAF276B008BBD57 /* Release */,
			);
			defaultConfigurationIsVisible = 0;
			defaultConfigurationName = Release;
		};
		84A5B6CA2AAF276B008BBD57 /* Build configuration list for PBXNativeTarget "Tab Extension" */ = {
			isa = XCConfigurationList;
			buildConfigurations = (
				84A5B6CB2AAF276B008BBD57 /* Debug */,
				84A5B6CC2AAF276B008BBD57 /* Release */,
			);
			defaultConfigurationIsVisible = 0;
			defaultConfigurationName = Release;
		};
		84A5B6CE2AAF276B008BBD57 /* Build configuration list for PBXNativeTarget "Tab" */ = {
			isa = XCConfigurationList;
			buildConfigurations = (
				84A5B6CF2AAF276B008BBD57 /* Debug */,
				84A5B6D02AAF276B008BBD57 /* Release */,
			);
			defaultConfigurationIsVisible = 0;
			defaultConfigurationName = Release;
		};
/* End XCConfigurationList section */
	};
	rootObject = 84A5B6912AAF2766008BBD57 /* Project object */;
}
