// !$*UTF8*$!
{
	archiveVersion = 1;
	classes = {
	};
	objectVersion = 55;
	objects = {

/* Begin PBXBuildFile section */
		8484AB172ABB1D4C0058DFF5 /* AppDelegate.swift in Sources */ = {isa = PBXBuildFile; fileRef = 8484AB162ABB1D4C0058DFF5 /* AppDelegate.swift */; };
		8484AB192ABB1D4C0058DFF5 /* SceneDelegate.swift in Sources */ = {isa = PBXBuildFile; fileRef = 8484AB182ABB1D4C0058DFF5 /* SceneDelegate.swift */; };
		8484AB1B2ABB1D4C0058DFF5 /* ViewController.swift in Sources */ = {isa = PBXBuildFile; fileRef = 8484AB1A2ABB1D4C0058DFF5 /* ViewController.swift */; };
		8484AB1E2ABB1D4C0058DFF5 /* Main.storyboard in Resources */ = {isa = PBXBuildFile; fileRef = 8484AB1C2ABB1D4C0058DFF5 /* Main.storyboard */; };
		8484AB212ABB1D4D0058DFF5 /* School_Management.xcdatamodeld in Sources */ = {isa = PBXBuildFile; fileRef = 8484AB1F2ABB1D4D0058DFF5 /* School_Management.xcdatamodeld */; };
		8484AB232ABB1D500058DFF5 /* Assets.xcassets in Resources */ = {isa = PBXBuildFile; fileRef = 8484AB222ABB1D500058DFF5 /* Assets.xcassets */; };
		8484AB262ABB1D500058DFF5 /* LaunchScreen.storyboard in Resources */ = {isa = PBXBuildFile; fileRef = 8484AB242ABB1D500058DFF5 /* LaunchScreen.storyboard */; };
		8484AB2F2ABB1D9C0058DFF5 /* Teacher.xcdatamodeld in Sources */ = {isa = PBXBuildFile; fileRef = 8484AB2D2ABB1D9C0058DFF5 /* Teacher.xcdatamodeld */; };
/* End PBXBuildFile section */

/* Begin PBXFileReference section */
		8484AB132ABB1D4C0058DFF5 /* School Management.app */ = {isa = PBXFileReference; explicitFileType = wrapper.application; includeInIndex = 0; path = "School Management.app"; sourceTree = BUILT_PRODUCTS_DIR; };
		8484AB162ABB1D4C0058DFF5 /* AppDelegate.swift */ = {isa = PBXFileReference; lastKnownFileType = sourcecode.swift; path = AppDelegate.swift; sourceTree = "<group>"; };
		8484AB182ABB1D4C0058DFF5 /* SceneDelegate.swift */ = {isa = PBXFileReference; lastKnownFileType = sourcecode.swift; path = SceneDelegate.swift; sourceTree = "<group>"; };
		8484AB1A2ABB1D4C0058DFF5 /* ViewController.swift */ = {isa = PBXFileReference; lastKnownFileType = sourcecode.swift; path = ViewController.swift; sourceTree = "<group>"; };
		8484AB1D2ABB1D4C0058DFF5 /* Base */ = {isa = PBXFileReference; lastKnownFileType = file.storyboard; name = Base; path = Base.lproj/Main.storyboard; sourceTree = "<group>"; };
		8484AB202ABB1D4D0058DFF5 /* School_Management.xcdatamodel */ = {isa = PBXFileReference; lastKnownFileType = wrapper.xcdatamodel; path = School_Management.xcdatamodel; sourceTree = "<group>"; };
		8484AB222ABB1D500058DFF5 /* Assets.xcassets */ = {isa = PBXFileReference; lastKnownFileType = folder.assetcatalog; path = Assets.xcassets; sourceTree = "<group>"; };
		8484AB252ABB1D500058DFF5 /* Base */ = {isa = PBXFileReference; lastKnownFileType = file.storyboard; name = Base; path = Base.lproj/LaunchScreen.storyboard; sourceTree = "<group>"; };
		8484AB272ABB1D500058DFF5 /* Info.plist */ = {isa = PBXFileReference; lastKnownFileType = text.plist.xml; path = Info.plist; sourceTree = "<group>"; };
		8484AB2E2ABB1D9C0058DFF5 /* Teacher.xcdatamodel */ = {isa = PBXFileReference; lastKnownFileType = wrapper.xcdatamodel; path = Teacher.xcdatamodel; sourceTree = "<group>"; };
/* End PBXFileReference section */

/* Begin PBXFrameworksBuildPhase section */
		8484AB102ABB1D4C0058DFF5 /* Frameworks */ = {
			isa = PBXFrameworksBuildPhase;
			buildActionMask = 2147483647;
			files = (
			);
			runOnlyForDeploymentPostprocessing = 0;
		};
/* End PBXFrameworksBuildPhase section */

/* Begin PBXGroup section */
		8484AB0A2ABB1D4C0058DFF5 = {
			isa = PBXGroup;
			children = (
				8484AB152ABB1D4C0058DFF5 /* School Management */,
				8484AB142ABB1D4C0058DFF5 /* Products */,
			);
			sourceTree = "<group>";
		};
		8484AB142ABB1D4C0058DFF5 /* Products */ = {
			isa = PBXGroup;
			children = (
				8484AB132ABB1D4C0058DFF5 /* School Management.app */,
			);
			name = Products;
			sourceTree = "<group>";
		};
		8484AB152ABB1D4C0058DFF5 /* School Management */ = {
			isa = PBXGroup;
			children = (
				8484AB162ABB1D4C0058DFF5 /* AppDelegate.swift */,
				8484AB182ABB1D4C0058DFF5 /* SceneDelegate.swift */,
				8484AB1A2ABB1D4C0058DFF5 /* ViewController.swift */,
				8484AB1C2ABB1D4C0058DFF5 /* Main.storyboard */,
				8484AB222ABB1D500058DFF5 /* Assets.xcassets */,
				8484AB242ABB1D500058DFF5 /* LaunchScreen.storyboard */,
				8484AB272ABB1D500058DFF5 /* Info.plist */,
				8484AB1F2ABB1D4D0058DFF5 /* School_Management.xcdatamodeld */,
				8484AB2D2ABB1D9C0058DFF5 /* Teacher.xcdatamodeld */,
			);
			path = "School Management";
			sourceTree = "<group>";
		};
/* End PBXGroup section */

/* Begin PBXNativeTarget section */
		8484AB122ABB1D4C0058DFF5 /* School Management */ = {
			isa = PBXNativeTarget;
			buildConfigurationList = 8484AB2A2ABB1D500058DFF5 /* Build configuration list for PBXNativeTarget "School Management" */;
			buildPhases = (
				8484AB0F2ABB1D4C0058DFF5 /* Sources */,
				8484AB102ABB1D4C0058DFF5 /* Frameworks */,
				8484AB112ABB1D4C0058DFF5 /* Resources */,
			);
			buildRules = (
			);
			dependencies = (
			);
			name = "School Management";
			productName = "School Management";
			productReference = 8484AB132ABB1D4C0058DFF5 /* School Management.app */;
			productType = "com.apple.product-type.application";
		};
/* End PBXNativeTarget section */

/* Begin PBXProject section */
		8484AB0B2ABB1D4C0058DFF5 /* Project object */ = {
			isa = PBXProject;
			attributes = {
				BuildIndependentTargetsInParallel = 1;
				LastSwiftUpdateCheck = 1320;
				LastUpgradeCheck = 1320;
				TargetAttributes = {
					8484AB122ABB1D4C0058DFF5 = {
						CreatedOnToolsVersion = 13.2.1;
					};
				};
			};
			buildConfigurationList = 8484AB0E2ABB1D4C0058DFF5 /* Build configuration list for PBXProject "School Management" */;
			compatibilityVersion = "Xcode 13.0";
			developmentRegion = en;
			hasScannedForEncodings = 0;
			knownRegions = (
				en,
				Base,
			);
			mainGroup = 8484AB0A2ABB1D4C0058DFF5;
			productRefGroup = 8484AB142ABB1D4C0058DFF5 /* Products */;
			projectDirPath = "";
			projectRoot = "";
			targets = (
				8484AB122ABB1D4C0058DFF5 /* School Management */,
			);
		};
/* End PBXProject section */

/* Begin PBXResourcesBuildPhase section */
		8484AB112ABB1D4C0058DFF5 /* Resources */ = {
			isa = PBXResourcesBuildPhase;
			buildActionMask = 2147483647;
			files = (
				8484AB262ABB1D500058DFF5 /* LaunchScreen.storyboard in Resources */,
				8484AB232ABB1D500058DFF5 /* Assets.xcassets in Resources */,
				8484AB1E2ABB1D4C0058DFF5 /* Main.storyboard in Resources */,
			);
			runOnlyForDeploymentPostprocessing = 0;
		};
/* End PBXResourcesBuildPhase section */

/* Begin PBXSourcesBuildPhase section */
		8484AB0F2ABB1D4C0058DFF5 /* Sources */ = {
			isa = PBXSourcesBuildPhase;
			buildActionMask = 2147483647;
			files = (
				8484AB2F2ABB1D9C0058DFF5 /* Teacher.xcdatamodeld in Sources */,
				8484AB1B2ABB1D4C0058DFF5 /* ViewController.swift in Sources */,
				8484AB172ABB1D4C0058DFF5 /* AppDelegate.swift in Sources */,
				8484AB212ABB1D4D0058DFF5 /* School_Management.xcdatamodeld in Sources */,
				8484AB192ABB1D4C0058DFF5 /* SceneDelegate.swift in Sources */,
			);
			runOnlyForDeploymentPostprocessing = 0;
		};
/* End PBXSourcesBuildPhase section */

/* Begin PBXVariantGroup section */
		8484AB1C2ABB1D4C0058DFF5 /* Main.storyboard */ = {
			isa = PBXVariantGroup;
			children = (
				8484AB1D2ABB1D4C0058DFF5 /* Base */,
			);
			name = Main.storyboard;
			sourceTree = "<group>";
		};
		8484AB242ABB1D500058DFF5 /* LaunchScreen.storyboard */ = {
			isa = PBXVariantGroup;
			children = (
				8484AB252ABB1D500058DFF5 /* Base */,
			);
			name = LaunchScreen.storyboard;
			sourceTree = "<group>";
		};
/* End PBXVariantGroup section */

/* Begin XCBuildConfiguration section */
		8484AB282ABB1D500058DFF5 /* Debug */ = {
			isa = XCBuildConfiguration;
			buildSettings = {
				ALWAYS_SEARCH_USER_PATHS = NO;
				CLANG_ANALYZER_NONNULL = YES;
				CLANG_ANALYZER_NUMBER_OBJECT_CONVERSION = YES_AGGRESSIVE;
				CLANG_CXX_LANGUAGE_STANDARD = "gnu++17";
				CLANG_CXX_LIBRARY = "libc++";
				CLANG_ENABLE_MODULES = YES;
				CLANG_ENABLE_OBJC_ARC = YES;
				CLANG_ENABLE_OBJC_WEAK = YES;
				CLANG_WARN_BLOCK_CAPTURE_AUTORELEASING = YES;
				CLANG_WARN_BOOL_CONVERSION = YES;
				CLANG_WARN_COMMA = YES;
				CLANG_WARN_CONSTANT_CONVERSION = YES;
				CLANG_WARN_DEPRECATED_OBJC_IMPLEMENTATIONS = YES;
				CLANG_WARN_DIRECT_OBJC_ISA_USAGE = YES_ERROR;
				CLANG_WARN_DOCUMENTATION_COMMENTS = YES;
				CLANG_WARN_EMPTY_BODY = YES;
				CLANG_WARN_ENUM_CONVERSION = YES;
				CLANG_WARN_INFINITE_RECURSION = YES;
				CLANG_WARN_INT_CONVERSION = YES;
				CLANG_WARN_NON_LITERAL_NULL_CONVERSION = YES;
				CLANG_WARN_OBJC_IMPLICIT_RETAIN_SELF = YES;
				CLANG_WARN_OBJC_LITERAL_CONVERSION = YES;
				CLANG_WARN_OBJC_ROOT_CLASS = YES_ERROR;
				CLANG_WARN_QUOTED_INCLUDE_IN_FRAMEWORK_HEADER = YES;
				CLANG_WARN_RANGE_LOOP_ANALYSIS = YES;
				CLANG_WARN_STRICT_PROTOTYPES = YES;
				CLANG_WARN_SUSPICIOUS_MOVE = YES;
				CLANG_WARN_UNGUARDED_AVAILABILITY = YES_AGGRESSIVE;
				CLANG_WARN_UNREACHABLE_CODE = YES;
				CLANG_WARN__DUPLICATE_METHOD_MATCH = YES;
				COPY_PHASE_STRIP = NO;
				DEBUG_INFORMATION_FORMAT = dwarf;
				ENABLE_STRICT_OBJC_MSGSEND = YES;
				ENABLE_TESTABILITY = YES;
				GCC_C_LANGUAGE_STANDARD = gnu11;
				GCC_DYNAMIC_NO_PIC = NO;
				GCC_NO_COMMON_BLOCKS = YES;
				GCC_OPTIMIZATION_LEVEL = 0;
				GCC_PREPROCESSOR_DEFINITIONS = (
					"DEBUG=1",
					"$(inherited)",
				);
				GCC_WARN_64_TO_32_BIT_CONVERSION = YES;
				GCC_WARN_ABOUT_RETURN_TYPE = YES_ERROR;
				GCC_WARN_UNDECLARED_SELECTOR = YES;
				GCC_WARN_UNINITIALIZED_AUTOS = YES_AGGRESSIVE;
				GCC_WARN_UNUSED_FUNCTION = YES;
				GCC_WARN_UNUSED_VARIABLE = YES;
				IPHONEOS_DEPLOYMENT_TARGET = 15.2;
				MTL_ENABLE_DEBUG_INFO = INCLUDE_SOURCE;
				MTL_FAST_MATH = YES;
				ONLY_ACTIVE_ARCH = YES;
				SDKROOT = iphoneos;
				SWIFT_ACTIVE_COMPILATION_CONDITIONS = DEBUG;
				SWIFT_OPTIMIZATION_LEVEL = "-Onone";
			};
			name = Debug;
		};
		8484AB292ABB1D500058DFF5 /* Release */ = {
			isa = XCBuildConfiguration;
			buildSettings = {
				ALWAYS_SEARCH_USER_PATHS = NO;
				CLANG_ANALYZER_NONNULL = YES;
				CLANG_ANALYZER_NUMBER_OBJECT_CONVERSION = YES_AGGRESSIVE;
				CLANG_CXX_LANGUAGE_STANDARD = "gnu++17";
				CLANG_CXX_LIBRARY = "libc++";
				CLANG_ENABLE_MODULES = YES;
				CLANG_ENABLE_OBJC_ARC = YES;
				CLANG_ENABLE_OBJC_WEAK = YES;
				CLANG_WARN_BLOCK_CAPTURE_AUTORELEASING = YES;
				CLANG_WARN_BOOL_CONVERSION = YES;
				CLANG_WARN_COMMA = YES;
				CLANG_WARN_CONSTANT_CONVERSION = YES;
				CLANG_WARN_DEPRECATED_OBJC_IMPLEMENTATIONS = YES;
				CLANG_WARN_DIRECT_OBJC_ISA_USAGE = YES_ERROR;
				CLANG_WARN_DOCUMENTATION_COMMENTS = YES;
				CLANG_WARN_EMPTY_BODY = YES;
				CLANG_WARN_ENUM_CONVERSION = YES;
				CLANG_WARN_INFINITE_RECURSION = YES;
				CLANG_WARN_INT_CONVERSION = YES;
				CLANG_WARN_NON_LITERAL_NULL_CONVERSION = YES;
				CLANG_WARN_OBJC_IMPLICIT_RETAIN_SELF = YES;
				CLANG_WARN_OBJC_LITERAL_CONVERSION = YES;
				CLANG_WARN_OBJC_ROOT_CLASS = YES_ERROR;
				CLANG_WARN_QUOTED_INCLUDE_IN_FRAMEWORK_HEADER = YES;
				CLANG_WARN_RANGE_LOOP_ANALYSIS = YES;
				CLANG_WARN_STRICT_PROTOTYPES = YES;
				CLANG_WARN_SUSPICIOUS_MOVE = YES;
				CLANG_WARN_UNGUARDED_AVAILABILITY = YES_AGGRESSIVE;
				CLANG_WARN_UNREACHABLE_CODE = YES;
				CLANG_WARN__DUPLICATE_METHOD_MATCH = YES;
				COPY_PHASE_STRIP = NO;
				DEBUG_INFORMATION_FORMAT = "dwarf-with-dsym";
				ENABLE_NS_ASSERTIONS = NO;
				ENABLE_STRICT_OBJC_MSGSEND = YES;
				GCC_C_LANGUAGE_STANDARD = gnu11;
				GCC_NO_COMMON_BLOCKS = YES;
				GCC_WARN_64_TO_32_BIT_CONVERSION = YES;
				GCC_WARN_ABOUT_RETURN_TYPE = YES_ERROR;
				GCC_WARN_UNDECLARED_SELECTOR = YES;
				GCC_WARN_UNINITIALIZED_AUTOS = YES_AGGRESSIVE;
				GCC_WARN_UNUSED_FUNCTION = YES;
				GCC_WARN_UNUSED_VARIABLE = YES;
				IPHONEOS_DEPLOYMENT_TARGET = 15.2;
				MTL_ENABLE_DEBUG_INFO = NO;
				MTL_FAST_MATH = YES;
				SDKROOT = iphoneos;
				SWIFT_COMPILATION_MODE = wholemodule;
				SWIFT_OPTIMIZATION_LEVEL = "-O";
				VALIDATE_PRODUCT = YES;
			};
			name = Release;
		};
		8484AB2B2ABB1D500058DFF5 /* Debug */ = {
			isa = XCBuildConfiguration;
			buildSettings = {
				ASSETCATALOG_COMPILER_APPICON_NAME = AppIcon;
				ASSETCATALOG_COMPILER_GLOBAL_ACCENT_COLOR_NAME = AccentColor;
				CODE_SIGN_STYLE = Automatic;
				CURRENT_PROJECT_VERSION = 1;
				GENERATE_INFOPLIST_FILE = YES;
				INFOPLIST_FILE = "School Management/Info.plist";
				INFOPLIST_KEY_UIApplicationSupportsIndirectInputEvents = YES;
				INFOPLIST_KEY_UILaunchStoryboardName = LaunchScreen;
				INFOPLIST_KEY_UIMainStoryboardFile = Main;
				INFOPLIST_KEY_UISupportedInterfaceOrientations_iPad = "UIInterfaceOrientationPortrait UIInterfaceOrientationPortraitUpsideDown UIInterfaceOrientationLandscapeLeft UIInterfaceOrientationLandscapeRight";
				INFOPLIST_KEY_UISupportedInterfaceOrientations_iPhone = "UIInterfaceOrientationPortrait UIInterfaceOrientationLandscapeLeft UIInterfaceOrientationLandscapeRight";
				LD_RUNPATH_SEARCH_PATHS = (
					"$(inherited)",
					"@executable_path/Frameworks",
				);
				MARKETING_VERSION = 1.0;
				PRODUCT_BUNDLE_IDENTIFIER = "com.faronics.School-Management";
				PRODUCT_NAME = "$(TARGET_NAME)";
				SWIFT_EMIT_LOC_STRINGS = YES;
				SWIFT_VERSION = 5.0;
				TARGETED_DEVICE_FAMILY = "1,2";
			};
			name = Debug;
		};
		8484AB2C2ABB1D500058DFF5 /* Release */ = {
			isa = XCBuildConfiguration;
			buildSettings = {
				ASSETCATALOG_COMPILER_APPICON_NAME = AppIcon;
				ASSETCATALOG_COMPILER_GLOBAL_ACCENT_COLOR_NAME = AccentColor;
				CODE_SIGN_STYLE = Automatic;
				CURRENT_PROJECT_VERSION = 1;
				GENERATE_INFOPLIST_FILE = YES;
				INFOPLIST_FILE = "School Management/Info.plist";
				INFOPLIST_KEY_UIApplicationSupportsIndirectInputEvents = YES;
				INFOPLIST_KEY_UILaunchStoryboardName = LaunchScreen;
				INFOPLIST_KEY_UIMainStoryboardFile = Main;
				INFOPLIST_KEY_UISupportedInterfaceOrientations_iPad = "UIInterfaceOrientationPortrait UIInterfaceOrientationPortraitUpsideDown UIInterfaceOrientationLandscapeLeft UIInterfaceOrientationLandscapeRight";
				INFOPLIST_KEY_UISupportedInterfaceOrientations_iPhone = "UIInterfaceOrientationPortrait UIInterfaceOrientationLandscapeLeft UIInterfaceOrientationLandscapeRight";
				LD_RUNPATH_SEARCH_PATHS = (
					"$(inherited)",
					"@executable_path/Frameworks",
				);
				MARKETING_VERSION = 1.0;
				PRODUCT_BUNDLE_IDENTIFIER = "com.faronics.School-Management";
				PRODUCT_NAME = "$(TARGET_NAME)";
				SWIFT_EMIT_LOC_STRINGS = YES;
				SWIFT_VERSION = 5.0;
				TARGETED_DEVICE_FAMILY = "1,2";
			};
			name = Release;
		};
/* End XCBuildConfiguration section */

/* Begin XCConfigurationList section */
		8484AB0E2ABB1D4C0058DFF5 /* Build configuration list for PBXProject "School Management" */ = {
			isa = XCConfigurationList;
			buildConfigurations = (
				8484AB282ABB1D500058DFF5 /* Debug */,
				8484AB292ABB1D500058DFF5 /* Release */,
			);
			defaultConfigurationIsVisible = 0;
			defaultConfigurationName = Release;
		};
		8484AB2A2ABB1D500058DFF5 /* Build configuration list for PBXNativeTarget "School Management" */ = {
			isa = XCConfigurationList;
			buildConfigurations = (
				8484AB2B2ABB1D500058DFF5 /* Debug */,
				8484AB2C2ABB1D500058DFF5 /* Release */,
			);
			defaultConfigurationIsVisible = 0;
			defaultConfigurationName = Release;
		};
/* End XCConfigurationList section */

/* Begin XCVersionGroup section */
		8484AB1F2ABB1D4D0058DFF5 /* School_Management.xcdatamodeld */ = {
			isa = XCVersionGroup;
			children = (
				8484AB202ABB1D4D0058DFF5 /* School_Management.xcdatamodel */,
			);
			currentVersion = 8484AB202ABB1D4D0058DFF5 /* School_Management.xcdatamodel */;
			path = School_Management.xcdatamodeld;
			sourceTree = "<group>";
			versionGroupType = wrapper.xcdatamodel;
		};
		8484AB2D2ABB1D9C0058DFF5 /* Teacher.xcdatamodeld */ = {
			isa = XCVersionGroup;
			children = (
				8484AB2E2ABB1D9C0058DFF5 /* Teacher.xcdatamodel */,
			);
			currentVersion = 8484AB2E2ABB1D9C0058DFF5 /* Teacher.xcdatamodel */;
			path = Teacher.xcdatamodeld;
			sourceTree = "<group>";
			versionGroupType = wrapper.xcdatamodel;
		};
/* End XCVersionGroup section */
	};
	rootObject = 8484AB0B2ABB1D4C0058DFF5 /* Project object */;
}
