// !$*UTF8*$!
{
	archiveVersion = 1;
	classes = {
	};
	objectVersion = 55;
	objects = {

/* Begin PBXBuildFile section */
		8478E9B62A9CA51F00DA1AB7 /* FoodAppNormalApp.swift in Sources */ = {isa = PBXBuildFile; fileRef = 8478E9B52A9CA51F00DA1AB7 /* FoodAppNormalApp.swift */; };
		8478E9B82A9CA51F00DA1AB7 /* ContentView.swift in Sources */ = {isa = PBXBuildFile; fileRef = 8478E9B72A9CA51F00DA1AB7 /* ContentView.swift */; };
		8478E9BA2A9CA52300DA1AB7 /* Assets.xcassets in Resources */ = {isa = PBXBuildFile; fileRef = 8478E9B92A9CA52300DA1AB7 /* Assets.xcassets */; };
		8478E9BD2A9CA52300DA1AB7 /* Preview Assets.xcassets in Resources */ = {isa = PBXBuildFile; fileRef = 8478E9BC2A9CA52300DA1AB7 /* Preview Assets.xcassets */; };
		8478E9C52A9CA6AD00DA1AB7 /* Localizable.strings in Resources */ = {isa = PBXBuildFile; fileRef = 8478E9C72A9CA6AD00DA1AB7 /* Localizable.strings */; };
/* End PBXBuildFile section */

/* Begin PBXFileReference section */
		8478E9B22A9CA51F00DA1AB7 /* FoodAppNormal.app */ = {isa = PBXFileReference; explicitFileType = wrapper.application; includeInIndex = 0; path = FoodAppNormal.app; sourceTree = BUILT_PRODUCTS_DIR; };
		8478E9B52A9CA51F00DA1AB7 /* FoodAppNormalApp.swift */ = {isa = PBXFileReference; lastKnownFileType = sourcecode.swift; path = FoodAppNormalApp.swift; sourceTree = "<group>"; };
		8478E9B72A9CA51F00DA1AB7 /* ContentView.swift */ = {isa = PBXFileReference; lastKnownFileType = sourcecode.swift; path = ContentView.swift; sourceTree = "<group>"; };
		8478E9B92A9CA52300DA1AB7 /* Assets.xcassets */ = {isa = PBXFileReference; lastKnownFileType = folder.assetcatalog; path = Assets.xcassets; sourceTree = "<group>"; };
		8478E9BC2A9CA52300DA1AB7 /* Preview Assets.xcassets */ = {isa = PBXFileReference; lastKnownFileType = folder.assetcatalog; path = "Preview Assets.xcassets"; sourceTree = "<group>"; };
		8478E9C62A9CA6AD00DA1AB7 /* en */ = {isa = PBXFileReference; lastKnownFileType = text.plist.strings; name = en; path = en.lproj/Localizable.strings; sourceTree = "<group>"; };
		8478E9C82A9CA6B100DA1AB7 /* ta-IN */ = {isa = PBXFileReference; lastKnownFileType = text.plist.strings; name = "ta-IN"; path = "ta-IN.lproj/Localizable.strings"; sourceTree = "<group>"; };
		8478E9C92A9CA6E100DA1AB7 /* pa-IN */ = {isa = PBXFileReference; lastKnownFileType = text.plist.strings; name = "pa-IN"; path = "pa-IN.lproj/Localizable.strings"; sourceTree = "<group>"; };
		8478E9CA2A9CA6F600DA1AB7 /* mr-IN */ = {isa = PBXFileReference; lastKnownFileType = text.plist.strings; name = "mr-IN"; path = "mr-IN.lproj/Localizable.strings"; sourceTree = "<group>"; };
		8478E9CB2A9CA6FD00DA1AB7 /* hi */ = {isa = PBXFileReference; lastKnownFileType = text.plist.strings; name = hi; path = hi.lproj/Localizable.strings; sourceTree = "<group>"; };
/* End PBXFileReference section */

/* Begin PBXFrameworksBuildPhase section */
		8478E9AF2A9CA51F00DA1AB7 /* Frameworks */ = {
			isa = PBXFrameworksBuildPhase;
			buildActionMask = 2147483647;
			files = (
			);
			runOnlyForDeploymentPostprocessing = 0;
		};
/* End PBXFrameworksBuildPhase section */

/* Begin PBXGroup section */
		8478E9A92A9CA51F00DA1AB7 = {
			isa = PBXGroup;
			children = (
				8478E9B42A9CA51F00DA1AB7 /* FoodAppNormal */,
				8478E9B32A9CA51F00DA1AB7 /* Products */,
			);
			sourceTree = "<group>";
		};
		8478E9B32A9CA51F00DA1AB7 /* Products */ = {
			isa = PBXGroup;
			children = (
				8478E9B22A9CA51F00DA1AB7 /* FoodAppNormal.app */,
			);
			name = Products;
			sourceTree = "<group>";
		};
		8478E9B42A9CA51F00DA1AB7 /* FoodAppNormal */ = {
			isa = PBXGroup;
			children = (
				8478E9B52A9CA51F00DA1AB7 /* FoodAppNormalApp.swift */,
				8478E9B72A9CA51F00DA1AB7 /* ContentView.swift */,
				8478E9C72A9CA6AD00DA1AB7 /* Localizable.strings */,
				8478E9B92A9CA52300DA1AB7 /* Assets.xcassets */,
				8478E9BB2A9CA52300DA1AB7 /* Preview Content */,
			);
			path = FoodAppNormal;
			sourceTree = "<group>";
		};
		8478E9BB2A9CA52300DA1AB7 /* Preview Content */ = {
			isa = PBXGroup;
			children = (
				8478E9BC2A9CA52300DA1AB7 /* Preview Assets.xcassets */,
			);
			path = "Preview Content";
			sourceTree = "<group>";
		};
/* End PBXGroup section */

/* Begin PBXNativeTarget section */
		8478E9B12A9CA51F00DA1AB7 /* FoodAppNormal */ = {
			isa = PBXNativeTarget;
			buildConfigurationList = 8478E9C02A9CA52300DA1AB7 /* Build configuration list for PBXNativeTarget "FoodAppNormal" */;
			buildPhases = (
				8478E9AE2A9CA51F00DA1AB7 /* Sources */,
				8478E9AF2A9CA51F00DA1AB7 /* Frameworks */,
				8478E9B02A9CA51F00DA1AB7 /* Resources */,
			);
			buildRules = (
			);
			dependencies = (
			);
			name = FoodAppNormal;
			productName = FoodAppNormal;
			productReference = 8478E9B22A9CA51F00DA1AB7 /* FoodAppNormal.app */;
			productType = "com.apple.product-type.application";
		};
/* End PBXNativeTarget section */

/* Begin PBXProject section */
		8478E9AA2A9CA51F00DA1AB7 /* Project object */ = {
			isa = PBXProject;
			attributes = {
				BuildIndependentTargetsInParallel = 1;
				LastSwiftUpdateCheck = 1320;
				LastUpgradeCheck = 1320;
				TargetAttributes = {
					8478E9B12A9CA51F00DA1AB7 = {
						CreatedOnToolsVersion = 13.2.1;
					};
				};
			};
			buildConfigurationList = 8478E9AD2A9CA51F00DA1AB7 /* Build configuration list for PBXProject "FoodAppNormal" */;
			compatibilityVersion = "Xcode 13.0";
			developmentRegion = en;
			hasScannedForEncodings = 0;
			knownRegions = (
				en,
				Base,
				"ta-IN",
				"pa-IN",
				"mr-IN",
				hi,
			);
			mainGroup = 8478E9A92A9CA51F00DA1AB7;
			productRefGroup = 8478E9B32A9CA51F00DA1AB7 /* Products */;
			projectDirPath = "";
			projectRoot = "";
			targets = (
				8478E9B12A9CA51F00DA1AB7 /* FoodAppNormal */,
			);
		};
/* End PBXProject section */

/* Begin PBXResourcesBuildPhase section */
		8478E9B02A9CA51F00DA1AB7 /* Resources */ = {
			isa = PBXResourcesBuildPhase;
			buildActionMask = 2147483647;
			files = (
				8478E9BD2A9CA52300DA1AB7 /* Preview Assets.xcassets in Resources */,
				8478E9C52A9CA6AD00DA1AB7 /* Localizable.strings in Resources */,
				8478E9BA2A9CA52300DA1AB7 /* Assets.xcassets in Resources */,
			);
			runOnlyForDeploymentPostprocessing = 0;
		};
/* End PBXResourcesBuildPhase section */

/* Begin PBXSourcesBuildPhase section */
		8478E9AE2A9CA51F00DA1AB7 /* Sources */ = {
			isa = PBXSourcesBuildPhase;
			buildActionMask = 2147483647;
			files = (
				8478E9B82A9CA51F00DA1AB7 /* ContentView.swift in Sources */,
				8478E9B62A9CA51F00DA1AB7 /* FoodAppNormalApp.swift in Sources */,
			);
			runOnlyForDeploymentPostprocessing = 0;
		};
/* End PBXSourcesBuildPhase section */

/* Begin PBXVariantGroup section */
		8478E9C72A9CA6AD00DA1AB7 /* Localizable.strings */ = {
			isa = PBXVariantGroup;
			children = (
				8478E9C62A9CA6AD00DA1AB7 /* en */,
				8478E9C82A9CA6B100DA1AB7 /* ta-IN */,
				8478E9C92A9CA6E100DA1AB7 /* pa-IN */,
				8478E9CA2A9CA6F600DA1AB7 /* mr-IN */,
				8478E9CB2A9CA6FD00DA1AB7 /* hi */,
			);
			name = Localizable.strings;
			sourceTree = "<group>";
		};
/* End PBXVariantGroup section */

/* Begin XCBuildConfiguration section */
		8478E9BE2A9CA52300DA1AB7 /* Debug */ = {
			isa = XCBuildConfiguration;
			buildSettings = {
				ALWAYS_SEARCH_USER_PATHS = NO;
				CLANG_ANALYZER_NONNULL = YES;
				CLANG_ANALYZER_NUMBER_OBJECT_CONVERSION = YES_AGGRESSIVE;
				CLANG_CXX_LANGUAGE_STANDARD = "gnu++17";
				CLANG_CXX_LIBRARY = "libc++";
				CLANG_ENABLE_MODULES = YES;
				CLANG_ENABLE_OBJC_ARC = YES;
				CLANG_ENABLE_OBJC_WEAK = YES;
				CLANG_WARN_BLOCK_CAPTURE_AUTORELEASING = YES;
				CLANG_WARN_BOOL_CONVERSION = YES;
				CLANG_WARN_COMMA = YES;
				CLANG_WARN_CONSTANT_CONVERSION = YES;
				CLANG_WARN_DEPRECATED_OBJC_IMPLEMENTATIONS = YES;
				CLANG_WARN_DIRECT_OBJC_ISA_USAGE = YES_ERROR;
				CLANG_WARN_DOCUMENTATION_COMMENTS = YES;
				CLANG_WARN_EMPTY_BODY = YES;
				CLANG_WARN_ENUM_CONVERSION = YES;
				CLANG_WARN_INFINITE_RECURSION = YES;
				CLANG_WARN_INT_CONVERSION = YES;
				CLANG_WARN_NON_LITERAL_NULL_CONVERSION = YES;
				CLANG_WARN_OBJC_IMPLICIT_RETAIN_SELF = YES;
				CLANG_WARN_OBJC_LITERAL_CONVERSION = YES;
				CLANG_WARN_OBJC_ROOT_CLASS = YES_ERROR;
				CLANG_WARN_QUOTED_INCLUDE_IN_FRAMEWORK_HEADER = YES;
				CLANG_WARN_RANGE_LOOP_ANALYSIS = YES;
				CLANG_WARN_STRICT_PROTOTYPES = YES;
				CLANG_WARN_SUSPICIOUS_MOVE = YES;
				CLANG_WARN_UNGUARDED_AVAILABILITY = YES_AGGRESSIVE;
				CLANG_WARN_UNREACHABLE_CODE = YES;
				CLANG_WARN__DUPLICATE_METHOD_MATCH = YES;
				COPY_PHASE_STRIP = NO;
				DEBUG_INFORMATION_FORMAT = dwarf;
				ENABLE_STRICT_OBJC_MSGSEND = YES;
				ENABLE_TESTABILITY = YES;
				GCC_C_LANGUAGE_STANDARD = gnu11;
				GCC_DYNAMIC_NO_PIC = NO;
				GCC_NO_COMMON_BLOCKS = YES;
				GCC_OPTIMIZATION_LEVEL = 0;
				GCC_PREPROCESSOR_DEFINITIONS = (
					"DEBUG=1",
					"$(inherited)",
				);
				GCC_WARN_64_TO_32_BIT_CONVERSION = YES;
				GCC_WARN_ABOUT_RETURN_TYPE = YES_ERROR;
				GCC_WARN_UNDECLARED_SELECTOR = YES;
				GCC_WARN_UNINITIALIZED_AUTOS = YES_AGGRESSIVE;
				GCC_WARN_UNUSED_FUNCTION = YES;
				GCC_WARN_UNUSED_VARIABLE = YES;
				IPHONEOS_DEPLOYMENT_TARGET = 15.2;
				MTL_ENABLE_DEBUG_INFO = INCLUDE_SOURCE;
				MTL_FAST_MATH = YES;
				ONLY_ACTIVE_ARCH = YES;
				SDKROOT = iphoneos;
				SWIFT_ACTIVE_COMPILATION_CONDITIONS = DEBUG;
				SWIFT_OPTIMIZATION_LEVEL = "-Onone";
			};
			name = Debug;
		};
		8478E9BF2A9CA52300DA1AB7 /* Release */ = {
			isa = XCBuildConfiguration;
			buildSettings = {
				ALWAYS_SEARCH_USER_PATHS = NO;
				CLANG_ANALYZER_NONNULL = YES;
				CLANG_ANALYZER_NUMBER_OBJECT_CONVERSION = YES_AGGRESSIVE;
				CLANG_CXX_LANGUAGE_STANDARD = "gnu++17";
				CLANG_CXX_LIBRARY = "libc++";
				CLANG_ENABLE_MODULES = YES;
				CLANG_ENABLE_OBJC_ARC = YES;
				CLANG_ENABLE_OBJC_WEAK = YES;
				CLANG_WARN_BLOCK_CAPTURE_AUTORELEASING = YES;
				CLANG_WARN_BOOL_CONVERSION = YES;
				CLANG_WARN_COMMA = YES;
				CLANG_WARN_CONSTANT_CONVERSION = YES;
				CLANG_WARN_DEPRECATED_OBJC_IMPLEMENTATIONS = YES;
				CLANG_WARN_DIRECT_OBJC_ISA_USAGE = YES_ERROR;
				CLANG_WARN_DOCUMENTATION_COMMENTS = YES;
				CLANG_WARN_EMPTY_BODY = YES;
				CLANG_WARN_ENUM_CONVERSION = YES;
				CLANG_WARN_INFINITE_RECURSION = YES;
				CLANG_WARN_INT_CONVERSION = YES;
				CLANG_WARN_NON_LITERAL_NULL_CONVERSION = YES;
				CLANG_WARN_OBJC_IMPLICIT_RETAIN_SELF = YES;
				CLANG_WARN_OBJC_LITERAL_CONVERSION = YES;
				CLANG_WARN_OBJC_ROOT_CLASS = YES_ERROR;
				CLANG_WARN_QUOTED_INCLUDE_IN_FRAMEWORK_HEADER = YES;
				CLANG_WARN_RANGE_LOOP_ANALYSIS = YES;
				CLANG_WARN_STRICT_PROTOTYPES = YES;
				CLANG_WARN_SUSPICIOUS_MOVE = YES;
				CLANG_WARN_UNGUARDED_AVAILABILITY = YES_AGGRESSIVE;
				CLANG_WARN_UNREACHABLE_CODE = YES;
				CLANG_WARN__DUPLICATE_METHOD_MATCH = YES;
				COPY_PHASE_STRIP = NO;
				DEBUG_INFORMATION_FORMAT = "dwarf-with-dsym";
				ENABLE_NS_ASSERTIONS = NO;
				ENABLE_STRICT_OBJC_MSGSEND = YES;
				GCC_C_LANGUAGE_STANDARD = gnu11;
				GCC_NO_COMMON_BLOCKS = YES;
				GCC_WARN_64_TO_32_BIT_CONVERSION = YES;
				GCC_WARN_ABOUT_RETURN_TYPE = YES_ERROR;
				GCC_WARN_UNDECLARED_SELECTOR = YES;
				GCC_WARN_UNINITIALIZED_AUTOS = YES_AGGRESSIVE;
				GCC_WARN_UNUSED_FUNCTION = YES;
				GCC_WARN_UNUSED_VARIABLE = YES;
				IPHONEOS_DEPLOYMENT_TARGET = 15.2;
				MTL_ENABLE_DEBUG_INFO = NO;
				MTL_FAST_MATH = YES;
				SDKROOT = iphoneos;
				SWIFT_COMPILATION_MODE = wholemodule;
				SWIFT_OPTIMIZATION_LEVEL = "-O";
				VALIDATE_PRODUCT = YES;
			};
			name = Release;
		};
		8478E9C12A9CA52300DA1AB7 /* Debug */ = {
			isa = XCBuildConfiguration;
			buildSettings = {
				ASSETCATALOG_COMPILER_APPICON_NAME = AppIcon;
				ASSETCATALOG_COMPILER_GLOBAL_ACCENT_COLOR_NAME = AccentColor;
				CODE_SIGN_STYLE = Automatic;
				CURRENT_PROJECT_VERSION = 1;
				DEVELOPMENT_ASSET_PATHS = "\"FoodAppNormal/Preview Content\"";
				ENABLE_PREVIEWS = YES;
				GENERATE_INFOPLIST_FILE = YES;
				INFOPLIST_KEY_UIApplicationSceneManifest_Generation = YES;
				INFOPLIST_KEY_UIApplicationSupportsIndirectInputEvents = YES;
				INFOPLIST_KEY_UILaunchScreen_Generation = YES;
				INFOPLIST_KEY_UISupportedInterfaceOrientations_iPad = "UIInterfaceOrientationPortrait UIInterfaceOrientationPortraitUpsideDown UIInterfaceOrientationLandscapeLeft UIInterfaceOrientationLandscapeRight";
				INFOPLIST_KEY_UISupportedInterfaceOrientations_iPhone = "UIInterfaceOrientationPortrait UIInterfaceOrientationLandscapeLeft UIInterfaceOrientationLandscapeRight";
				LD_RUNPATH_SEARCH_PATHS = (
					"$(inherited)",
					"@executable_path/Frameworks",
				);
				MARKETING_VERSION = 1.0;
				PRODUCT_BUNDLE_IDENTIFIER = com.faronics.FoodAppNormal;
				PRODUCT_NAME = "$(TARGET_NAME)";
				SWIFT_EMIT_LOC_STRINGS = YES;
				SWIFT_VERSION = 5.0;
				TARGETED_DEVICE_FAMILY = "1,2";
			};
			name = Debug;
		};
		8478E9C22A9CA52300DA1AB7 /* Release */ = {
			isa = XCBuildConfiguration;
			buildSettings = {
				ASSETCATALOG_COMPILER_APPICON_NAME = AppIcon;
				ASSETCATALOG_COMPILER_GLOBAL_ACCENT_COLOR_NAME = AccentColor;
				CODE_SIGN_STYLE = Automatic;
				CURRENT_PROJECT_VERSION = 1;
				DEVELOPMENT_ASSET_PATHS = "\"FoodAppNormal/Preview Content\"";
				ENABLE_PREVIEWS = YES;
				GENERATE_INFOPLIST_FILE = YES;
				INFOPLIST_KEY_UIApplicationSceneManifest_Generation = YES;
				INFOPLIST_KEY_UIApplicationSupportsIndirectInputEvents = YES;
				INFOPLIST_KEY_UILaunchScreen_Generation = YES;
				INFOPLIST_KEY_UISupportedInterfaceOrientations_iPad = "UIInterfaceOrientationPortrait UIInterfaceOrientationPortraitUpsideDown UIInterfaceOrientationLandscapeLeft UIInterfaceOrientationLandscapeRight";
				INFOPLIST_KEY_UISupportedInterfaceOrientations_iPhone = "UIInterfaceOrientationPortrait UIInterfaceOrientationLandscapeLeft UIInterfaceOrientationLandscapeRight";
				LD_RUNPATH_SEARCH_PATHS = (
					"$(inherited)",
					"@executable_path/Frameworks",
				);
				MARKETING_VERSION = 1.0;
				PRODUCT_BUNDLE_IDENTIFIER = com.faronics.FoodAppNormal;
				PRODUCT_NAME = "$(TARGET_NAME)";
				SWIFT_EMIT_LOC_STRINGS = YES;
				SWIFT_VERSION = 5.0;
				TARGETED_DEVICE_FAMILY = "1,2";
			};
			name = Release;
		};
/* End XCBuildConfiguration section */

/* Begin XCConfigurationList section */
		8478E9AD2A9CA51F00DA1AB7 /* Build configuration list for PBXProject "FoodAppNormal" */ = {
			isa = XCConfigurationList;
			buildConfigurations = (
				8478E9BE2A9CA52300DA1AB7 /* Debug */,
				8478E9BF2A9CA52300DA1AB7 /* Release */,
			);
			defaultConfigurationIsVisible = 0;
			defaultConfigurationName = Release;
		};
		8478E9C02A9CA52300DA1AB7 /* Build configuration list for PBXNativeTarget "FoodAppNormal" */ = {
			isa = XCConfigurationList;
			buildConfigurations = (
				8478E9C12A9CA52300DA1AB7 /* Debug */,
				8478E9C22A9CA52300DA1AB7 /* Release */,
			);
			defaultConfigurationIsVisible = 0;
			defaultConfigurationName = Release;
		};
/* End XCConfigurationList section */
	};
	rootObject = 8478E9AA2A9CA51F00DA1AB7 /* Project object */;
}
